// !$*UTF8*$!
{
	archiveVersion = 1;
	classes = {
	};
	objectVersion = 56;
	objects = {

/* Begin PBXBuildFile section */
		F30110A429A75970004B22F1 /* HomeViewController.swift in Sources */ = {isa = PBXBuildFile; fileRef = F30110A329A75970004B22F1 /* HomeViewController.swift */; };
		F30110A929A75CA2004B22F1 /* TMDBMoviesModel.swift in Sources */ = {isa = PBXBuildFile; fileRef = F30110A829A75CA2004B22F1 /* TMDBMoviesModel.swift */; };
		F30110AB29A76C71004B22F1 /* TMDBGenresModel.swift in Sources */ = {isa = PBXBuildFile; fileRef = F30110AA29A76C71004B22F1 /* TMDBGenresModel.swift */; };
		F30110AE29A76DFE004B22F1 /* NetworkService.swift in Sources */ = {isa = PBXBuildFile; fileRef = F30110AD29A76DFE004B22F1 /* NetworkService.swift */; };
		F30110B329A77365004B22F1 /* RealmManager.swift in Sources */ = {isa = PBXBuildFile; fileRef = F30110B229A77365004B22F1 /* RealmManager.swift */; };
		F30110BC29A77456004B22F1 /* MovieRealmModel.swift in Sources */ = {isa = PBXBuildFile; fileRef = F30110BA29A77456004B22F1 /* MovieRealmModel.swift */; };
		F30110BD29A77456004B22F1 /* GenreRealmModel.swift in Sources */ = {isa = PBXBuildFile; fileRef = F30110BB29A77456004B22F1 /* GenreRealmModel.swift */; };
		F30110C729A8BCF0004B22F1 /* MovieDetailsViewController.swift in Sources */ = {isa = PBXBuildFile; fileRef = F30110C629A8BCF0004B22F1 /* MovieDetailsViewController.swift */; };
		F30110CE29A8BE9E004B22F1 /* GenresViewModel.swift in Sources */ = {isa = PBXBuildFile; fileRef = F30110CD29A8BE9E004B22F1 /* GenresViewModel.swift */; };
		F30110D029A8BEC9004B22F1 /* GenresViewModelType.swift in Sources */ = {isa = PBXBuildFile; fileRef = F30110CF29A8BEC9004B22F1 /* GenresViewModelType.swift */; };
		F30110D229A8C089004B22F1 /* GenresItemViewModelType.swift in Sources */ = {isa = PBXBuildFile; fileRef = F30110D129A8C089004B22F1 /* GenresItemViewModelType.swift */; };
		F30110D429A8C09C004B22F1 /* GenresItemViewModel.swift in Sources */ = {isa = PBXBuildFile; fileRef = F30110D329A8C09C004B22F1 /* GenresItemViewModel.swift */; };
		F30110D729A8C150004B22F1 /* MovieDetailsViewModelType.swift in Sources */ = {isa = PBXBuildFile; fileRef = F30110D629A8C150004B22F1 /* MovieDetailsViewModelType.swift */; };
		F30110D929A8C15A004B22F1 /* MovieDetailsViewModel.swift in Sources */ = {isa = PBXBuildFile; fileRef = F30110D829A8C15A004B22F1 /* MovieDetailsViewModel.swift */; };
		F30110DB29A9C9F8004B22F1 /* MovieItemViewModelType.swift in Sources */ = {isa = PBXBuildFile; fileRef = F30110DA29A9C9F8004B22F1 /* MovieItemViewModelType.swift */; };
		F30110DD29A9CA50004B22F1 /* MovieItemViewModel.swift in Sources */ = {isa = PBXBuildFile; fileRef = F30110DC29A9CA50004B22F1 /* MovieItemViewModel.swift */; };
		F30762B929AA4D6500C10D2F /* Top5MovieCollectionViewCell.swift in Sources */ = {isa = PBXBuildFile; fileRef = F30762B829AA4D6500C10D2F /* Top5MovieCollectionViewCell.swift */; };
		F30762BB29B2426100C10D2F /* DomainGenre.swift in Sources */ = {isa = PBXBuildFile; fileRef = F30762BA29B2426100C10D2F /* DomainGenre.swift */; };
		F30762BD29B242C300C10D2F /* DomainMovie.swift in Sources */ = {isa = PBXBuildFile; fileRef = F30762BC29B242C300C10D2F /* DomainMovie.swift */; };
		F30762C029B2441C00C10D2F /* RepositoryType.swift in Sources */ = {isa = PBXBuildFile; fileRef = F30762BF29B2441C00C10D2F /* RepositoryType.swift */; };
		F30762C229B3122B00C10D2F /* Endpoint.swift in Sources */ = {isa = PBXBuildFile; fileRef = F30762C129B3122B00C10D2F /* Endpoint.swift */; };
		F30762C529B3179C00C10D2F /* NetworkManager.swift in Sources */ = {isa = PBXBuildFile; fileRef = F30762C429B3179C00C10D2F /* NetworkManager.swift */; };
		F30AF06829CABFA7000F65EE /* CustomSegmentedControl.swift in Sources */ = {isa = PBXBuildFile; fileRef = F30AF06729CABFA7000F65EE /* CustomSegmentedControl.swift */; };
		F30AF06A29CD541D000F65EE /* MovieCollectionViewCell.swift in Sources */ = {isa = PBXBuildFile; fileRef = F30AF06929CD541D000F65EE /* MovieCollectionViewCell.swift */; };
		F319B3EE299A399200D5C7EB /* AppDelegate.swift in Sources */ = {isa = PBXBuildFile; fileRef = F319B3ED299A399200D5C7EB /* AppDelegate.swift */; };
		F319B3F2299A399200D5C7EB /* LoginViewController.swift in Sources */ = {isa = PBXBuildFile; fileRef = F319B3F1299A399200D5C7EB /* LoginViewController.swift */; };
		F319B3F5299A399200D5C7EB /* LoginViewController.storyboard in Resources */ = {isa = PBXBuildFile; fileRef = F319B3F3299A399200D5C7EB /* LoginViewController.storyboard */; };
		F319B3F7299A399300D5C7EB /* Assets.xcassets in Resources */ = {isa = PBXBuildFile; fileRef = F319B3F6299A399300D5C7EB /* Assets.xcassets */; };
		F319B3FA299A399300D5C7EB /* LaunchScreen.storyboard in Resources */ = {isa = PBXBuildFile; fileRef = F319B3F8299A399300D5C7EB /* LaunchScreen.storyboard */; };
		F357660E29F69D1E00492119 /* WatchListViewModelType.swift in Sources */ = {isa = PBXBuildFile; fileRef = F357660D29F69D1E00492119 /* WatchListViewModelType.swift */; };
		F357661229F69F9300492119 /* WatchListViewModel.swift in Sources */ = {isa = PBXBuildFile; fileRef = F357661129F69F9300492119 /* WatchListViewModel.swift */; };
		F36435262A5B275200A91CE5 /* Coordinator.swift in Sources */ = {isa = PBXBuildFile; fileRef = F36435252A5B275200A91CE5 /* Coordinator.swift */; };
		F364352B2A5B2FC500A91CE5 /* RxCocoa in Frameworks */ = {isa = PBXBuildFile; productRef = F364352A2A5B2FC500A91CE5 /* RxCocoa */; };
		F364352D2A5B2FC500A91CE5 /* RxRelay in Frameworks */ = {isa = PBXBuildFile; productRef = F364352C2A5B2FC500A91CE5 /* RxRelay */; };
		F364352F2A5B2FC500A91CE5 /* RxSwift in Frameworks */ = {isa = PBXBuildFile; productRef = F364352E2A5B2FC500A91CE5 /* RxSwift */; };
		F36435322A5B363200A91CE5 /* MainTabBarCoordinator.swift in Sources */ = {isa = PBXBuildFile; fileRef = F36435312A5B363200A91CE5 /* MainTabBarCoordinator.swift */; };
		F36435342A5B36F600A91CE5 /* MainTabBarViewController.swift in Sources */ = {isa = PBXBuildFile; fileRef = F36435332A5B36F600A91CE5 /* MainTabBarViewController.swift */; };
		F36435362A5B382000A91CE5 /* HomeCoordinator.swift in Sources */ = {isa = PBXBuildFile; fileRef = F36435352A5B382000A91CE5 /* HomeCoordinator.swift */; };
		F36435392A5B388500A91CE5 /* Swinject in Frameworks */ = {isa = PBXBuildFile; productRef = F36435382A5B388500A91CE5 /* Swinject */; };
		F364353C2A5BFB0E00A91CE5 /* HomeContainer.swift in Sources */ = {isa = PBXBuildFile; fileRef = F364353B2A5BFB0E00A91CE5 /* HomeContainer.swift */; };
		F364353F2A5BFDCA00A91CE5 /* BaseViewController.swift in Sources */ = {isa = PBXBuildFile; fileRef = F364353E2A5BFDCA00A91CE5 /* BaseViewController.swift */; };
		F36435412A5BFF0700A91CE5 /* BaseUIViewComponent.swift in Sources */ = {isa = PBXBuildFile; fileRef = F36435402A5BFF0700A91CE5 /* BaseUIViewComponent.swift */; };
		F36435442A5BFFDE00A91CE5 /* Storyboarded.swift in Sources */ = {isa = PBXBuildFile; fileRef = F36435432A5BFFDE00A91CE5 /* Storyboarded.swift */; };
		F36435462A5C00C200A91CE5 /* HomeViewController.storyboard in Resources */ = {isa = PBXBuildFile; fileRef = F36435452A5C00C200A91CE5 /* HomeViewController.storyboard */; };
		F36435482A5C044000A91CE5 /* AppCoordinator.swift in Sources */ = {isa = PBXBuildFile; fileRef = F36435472A5C044000A91CE5 /* AppCoordinator.swift */; };
		F3697E6D2A1CBA2000398ABB /* MovieTableViewCell.swift in Sources */ = {isa = PBXBuildFile; fileRef = F3697E6C2A1CBA2000398ABB /* MovieTableViewCell.swift */; };
		F3697E6F2A1CCA4F00398ABB /* WatchListItemViewModel.swift in Sources */ = {isa = PBXBuildFile; fileRef = F3697E6E2A1CCA4F00398ABB /* WatchListItemViewModel.swift */; };
		F36EBA442A6FF13800E4B8AA /* MovieTableViewCell.xib in Resources */ = {isa = PBXBuildFile; fileRef = F36EBA432A6FF13800E4B8AA /* MovieTableViewCell.xib */; };
		F3C7937B29C6E6C3006EA8EE /* Top5MoviesViewModelType.swift in Sources */ = {isa = PBXBuildFile; fileRef = F3C7937A29C6E6C3006EA8EE /* Top5MoviesViewModelType.swift */; };
		F3C7937D29C6E7B8006EA8EE /* Top5MoviesViewModel.swift in Sources */ = {isa = PBXBuildFile; fileRef = F3C7937C29C6E7B8006EA8EE /* Top5MoviesViewModel.swift */; };
		F3CE6BD12A59548100FA34F7 /* Alamofire in Frameworks */ = {isa = PBXBuildFile; productRef = F3CE6BD02A59548100FA34F7 /* Alamofire */; };
		F3CE6BD42A5954B300FA34F7 /* Realm in Frameworks */ = {isa = PBXBuildFile; productRef = F3CE6BD32A5954B300FA34F7 /* Realm */; };
		F3CE6BD62A5954B300FA34F7 /* RealmSwift in Frameworks */ = {isa = PBXBuildFile; productRef = F3CE6BD52A5954B300FA34F7 /* RealmSwift */; };
		F3D0A97529CD5AA4000C6F7F /* MoviesViewModelType.swift in Sources */ = {isa = PBXBuildFile; fileRef = F3D0A97429CD5AA4000C6F7F /* MoviesViewModelType.swift */; };
		F3D0A97729CD5B1A000C6F7F /* MoviesViewModel.swift in Sources */ = {isa = PBXBuildFile; fileRef = F3D0A97629CD5B1A000C6F7F /* MoviesViewModel.swift */; };
		F3D0A97F29CDA181000C6F7F /* SearchViewController.swift in Sources */ = {isa = PBXBuildFile; fileRef = F3D0A97E29CDA181000C6F7F /* SearchViewController.swift */; };
		F3D43BE22A5D8D14007817B3 /* SceneDelegate.swift in Sources */ = {isa = PBXBuildFile; fileRef = F3D43BE12A5D8D14007817B3 /* SceneDelegate.swift */; };
		F3D43BE62A5D926D007817B3 /* SearchCoordinator.swift in Sources */ = {isa = PBXBuildFile; fileRef = F3D43BE52A5D926D007817B3 /* SearchCoordinator.swift */; };
		F3D43BE82A5D9361007817B3 /* SearchContainer.swift in Sources */ = {isa = PBXBuildFile; fileRef = F3D43BE72A5D9361007817B3 /* SearchContainer.swift */; };
		F3D43BEB2A5D9482007817B3 /* SearchViewController.storyboard in Resources */ = {isa = PBXBuildFile; fileRef = F3D43BEA2A5D9482007817B3 /* SearchViewController.storyboard */; };
		F3D43BED2A5D9D2A007817B3 /* WatchListViewController.storyboard in Resources */ = {isa = PBXBuildFile; fileRef = F3D43BEC2A5D9D2A007817B3 /* WatchListViewController.storyboard */; };
		F3D43BEF2A5D9D77007817B3 /* WatchListCoordinator.swift in Sources */ = {isa = PBXBuildFile; fileRef = F3D43BEE2A5D9D77007817B3 /* WatchListCoordinator.swift */; };
		F3D43BF12A5D9E0E007817B3 /* WatchListContainer.swift in Sources */ = {isa = PBXBuildFile; fileRef = F3D43BF02A5D9E0E007817B3 /* WatchListContainer.swift */; };
		F3D9FA5629A0986600E904A2 /* UIColor+Extension.swift in Sources */ = {isa = PBXBuildFile; fileRef = F3D9FA5529A0986600E904A2 /* UIColor+Extension.swift */; };
		F3D9FA5829A0987100E904A2 /* DefaultButton.swift in Sources */ = {isa = PBXBuildFile; fileRef = F3D9FA5729A0987100E904A2 /* DefaultButton.swift */; };
		F3D9FA5A29A0AC6400E904A2 /* CheckBox.swift in Sources */ = {isa = PBXBuildFile; fileRef = F3D9FA5929A0AC6400E904A2 /* CheckBox.swift */; };
		F3E8D23529E144840012BEC4 /* SearchHistoryViewModelType.swift in Sources */ = {isa = PBXBuildFile; fileRef = F3E8D23429E144840012BEC4 /* SearchHistoryViewModelType.swift */; };
		F3E8D23729E149DA0012BEC4 /* SearchHistoryItemViewModelType.swift in Sources */ = {isa = PBXBuildFile; fileRef = F3E8D23629E149DA0012BEC4 /* SearchHistoryItemViewModelType.swift */; };
		F3E8D23929E14BA00012BEC4 /* SearchHistoryViewModel.swift in Sources */ = {isa = PBXBuildFile; fileRef = F3E8D23829E14BA00012BEC4 /* SearchHistoryViewModel.swift */; };
		F3E8D23B29E14E250012BEC4 /* SearchHistoryItemViewModel.swift in Sources */ = {isa = PBXBuildFile; fileRef = F3E8D23A29E14E250012BEC4 /* SearchHistoryItemViewModel.swift */; };
		F3E8D23E29E158910012BEC4 /* SearchHistoryViewCell.swift in Sources */ = {isa = PBXBuildFile; fileRef = F3E8D23D29E158910012BEC4 /* SearchHistoryViewCell.swift */; };
		F3E8D24029E162B80012BEC4 /* WatchListViewController.swift in Sources */ = {isa = PBXBuildFile; fileRef = F3E8D23F29E162B80012BEC4 /* WatchListViewController.swift */; };
		F3E9E2EA2A59784D00E23450 /* Movies.json in Resources */ = {isa = PBXBuildFile; fileRef = F3CE6BD72A595A0B00FA34F7 /* Movies.json */; };
		F3E9E2EC2A5978D100E23450 /* Top5Movies.json in Resources */ = {isa = PBXBuildFile; fileRef = F3E9E2EB2A5978D100E23450 /* Top5Movies.json */; };
		F3FC165D2A6912800074B57F /* Montserrat.swift in Sources */ = {isa = PBXBuildFile; fileRef = F3FC165C2A6912800074B57F /* Montserrat.swift */; };
		F3FC165F2A6914190074B57F /* UILabel+Extension.swift in Sources */ = {isa = PBXBuildFile; fileRef = F3FC165E2A6914190074B57F /* UILabel+Extension.swift */; };
/* End PBXBuildFile section */

/* Begin PBXFileReference section */
		F30110A329A75970004B22F1 /* HomeViewController.swift */ = {isa = PBXFileReference; lastKnownFileType = sourcecode.swift; path = HomeViewController.swift; sourceTree = "<group>"; };
		F30110A829A75CA2004B22F1 /* TMDBMoviesModel.swift */ = {isa = PBXFileReference; lastKnownFileType = sourcecode.swift; path = TMDBMoviesModel.swift; sourceTree = "<group>"; };
		F30110AA29A76C71004B22F1 /* TMDBGenresModel.swift */ = {isa = PBXFileReference; lastKnownFileType = sourcecode.swift; path = TMDBGenresModel.swift; sourceTree = "<group>"; };
		F30110AD29A76DFE004B22F1 /* NetworkService.swift */ = {isa = PBXFileReference; fileEncoding = 4; lastKnownFileType = sourcecode.swift; path = NetworkService.swift; sourceTree = "<group>"; };
		F30110B229A77365004B22F1 /* RealmManager.swift */ = {isa = PBXFileReference; fileEncoding = 4; lastKnownFileType = sourcecode.swift; path = RealmManager.swift; sourceTree = "<group>"; };
		F30110BA29A77456004B22F1 /* MovieRealmModel.swift */ = {isa = PBXFileReference; fileEncoding = 4; lastKnownFileType = sourcecode.swift; path = MovieRealmModel.swift; sourceTree = "<group>"; };
		F30110BB29A77456004B22F1 /* GenreRealmModel.swift */ = {isa = PBXFileReference; fileEncoding = 4; lastKnownFileType = sourcecode.swift; path = GenreRealmModel.swift; sourceTree = "<group>"; };
		F30110C629A8BCF0004B22F1 /* MovieDetailsViewController.swift */ = {isa = PBXFileReference; lastKnownFileType = sourcecode.swift; path = MovieDetailsViewController.swift; sourceTree = "<group>"; };
		F30110CD29A8BE9E004B22F1 /* GenresViewModel.swift */ = {isa = PBXFileReference; lastKnownFileType = sourcecode.swift; path = GenresViewModel.swift; sourceTree = "<group>"; };
		F30110CF29A8BEC9004B22F1 /* GenresViewModelType.swift */ = {isa = PBXFileReference; lastKnownFileType = sourcecode.swift; path = GenresViewModelType.swift; sourceTree = "<group>"; };
		F30110D129A8C089004B22F1 /* GenresItemViewModelType.swift */ = {isa = PBXFileReference; lastKnownFileType = sourcecode.swift; path = GenresItemViewModelType.swift; sourceTree = "<group>"; };
		F30110D329A8C09C004B22F1 /* GenresItemViewModel.swift */ = {isa = PBXFileReference; lastKnownFileType = sourcecode.swift; path = GenresItemViewModel.swift; sourceTree = "<group>"; };
		F30110D629A8C150004B22F1 /* MovieDetailsViewModelType.swift */ = {isa = PBXFileReference; lastKnownFileType = sourcecode.swift; path = MovieDetailsViewModelType.swift; sourceTree = "<group>"; };
		F30110D829A8C15A004B22F1 /* MovieDetailsViewModel.swift */ = {isa = PBXFileReference; lastKnownFileType = sourcecode.swift; path = MovieDetailsViewModel.swift; sourceTree = "<group>"; };
		F30110DA29A9C9F8004B22F1 /* MovieItemViewModelType.swift */ = {isa = PBXFileReference; lastKnownFileType = sourcecode.swift; path = MovieItemViewModelType.swift; sourceTree = "<group>"; };
		F30110DC29A9CA50004B22F1 /* MovieItemViewModel.swift */ = {isa = PBXFileReference; lastKnownFileType = sourcecode.swift; path = MovieItemViewModel.swift; sourceTree = "<group>"; };
		F30762B829AA4D6500C10D2F /* Top5MovieCollectionViewCell.swift */ = {isa = PBXFileReference; lastKnownFileType = sourcecode.swift; path = Top5MovieCollectionViewCell.swift; sourceTree = "<group>"; };
		F30762BA29B2426100C10D2F /* DomainGenre.swift */ = {isa = PBXFileReference; lastKnownFileType = sourcecode.swift; path = DomainGenre.swift; sourceTree = "<group>"; };
		F30762BC29B242C300C10D2F /* DomainMovie.swift */ = {isa = PBXFileReference; lastKnownFileType = sourcecode.swift; path = DomainMovie.swift; sourceTree = "<group>"; };
		F30762BF29B2441C00C10D2F /* RepositoryType.swift */ = {isa = PBXFileReference; lastKnownFileType = sourcecode.swift; path = RepositoryType.swift; sourceTree = "<group>"; };
		F30762C129B3122B00C10D2F /* Endpoint.swift */ = {isa = PBXFileReference; lastKnownFileType = sourcecode.swift; path = Endpoint.swift; sourceTree = "<group>"; };
		F30762C429B3179C00C10D2F /* NetworkManager.swift */ = {isa = PBXFileReference; lastKnownFileType = sourcecode.swift; path = NetworkManager.swift; sourceTree = "<group>"; };
		F30AF06729CABFA7000F65EE /* CustomSegmentedControl.swift */ = {isa = PBXFileReference; lastKnownFileType = sourcecode.swift; path = CustomSegmentedControl.swift; sourceTree = "<group>"; };
		F30AF06929CD541D000F65EE /* MovieCollectionViewCell.swift */ = {isa = PBXFileReference; lastKnownFileType = sourcecode.swift; path = MovieCollectionViewCell.swift; sourceTree = "<group>"; };
		F319B3EA299A399200D5C7EB /* skylab-kino.app */ = {isa = PBXFileReference; explicitFileType = wrapper.application; includeInIndex = 0; path = "skylab-kino.app"; sourceTree = BUILT_PRODUCTS_DIR; };
		F319B3ED299A399200D5C7EB /* AppDelegate.swift */ = {isa = PBXFileReference; lastKnownFileType = sourcecode.swift; path = AppDelegate.swift; sourceTree = "<group>"; };
		F319B3F1299A399200D5C7EB /* LoginViewController.swift */ = {isa = PBXFileReference; lastKnownFileType = sourcecode.swift; path = LoginViewController.swift; sourceTree = "<group>"; };
		F319B3F4299A399200D5C7EB /* Base */ = {isa = PBXFileReference; lastKnownFileType = file.storyboard; name = Base; path = Base.lproj/LoginViewController.storyboard; sourceTree = "<group>"; };
		F319B3F6299A399300D5C7EB /* Assets.xcassets */ = {isa = PBXFileReference; lastKnownFileType = folder.assetcatalog; path = Assets.xcassets; sourceTree = "<group>"; };
		F319B3F9299A399300D5C7EB /* Base */ = {isa = PBXFileReference; lastKnownFileType = file.storyboard; name = Base; path = Base.lproj/LaunchScreen.storyboard; sourceTree = "<group>"; };
		F319B3FB299A399300D5C7EB /* Info.plist */ = {isa = PBXFileReference; lastKnownFileType = text.plist.xml; path = Info.plist; sourceTree = "<group>"; };
		F357660D29F69D1E00492119 /* WatchListViewModelType.swift */ = {isa = PBXFileReference; lastKnownFileType = sourcecode.swift; path = WatchListViewModelType.swift; sourceTree = "<group>"; };
		F357661129F69F9300492119 /* WatchListViewModel.swift */ = {isa = PBXFileReference; lastKnownFileType = sourcecode.swift; path = WatchListViewModel.swift; sourceTree = "<group>"; };
		F36435252A5B275200A91CE5 /* Coordinator.swift */ = {isa = PBXFileReference; lastKnownFileType = sourcecode.swift; path = Coordinator.swift; sourceTree = "<group>"; };
		F36435312A5B363200A91CE5 /* MainTabBarCoordinator.swift */ = {isa = PBXFileReference; lastKnownFileType = sourcecode.swift; path = MainTabBarCoordinator.swift; sourceTree = "<group>"; };
		F36435332A5B36F600A91CE5 /* MainTabBarViewController.swift */ = {isa = PBXFileReference; lastKnownFileType = sourcecode.swift; path = MainTabBarViewController.swift; sourceTree = "<group>"; };
		F36435352A5B382000A91CE5 /* HomeCoordinator.swift */ = {isa = PBXFileReference; lastKnownFileType = sourcecode.swift; path = HomeCoordinator.swift; sourceTree = "<group>"; };
		F364353B2A5BFB0E00A91CE5 /* HomeContainer.swift */ = {isa = PBXFileReference; lastKnownFileType = sourcecode.swift; path = HomeContainer.swift; sourceTree = "<group>"; };
		F364353E2A5BFDCA00A91CE5 /* BaseViewController.swift */ = {isa = PBXFileReference; lastKnownFileType = sourcecode.swift; path = BaseViewController.swift; sourceTree = "<group>"; };
		F36435402A5BFF0700A91CE5 /* BaseUIViewComponent.swift */ = {isa = PBXFileReference; lastKnownFileType = sourcecode.swift; path = BaseUIViewComponent.swift; sourceTree = "<group>"; };
		F36435432A5BFFDE00A91CE5 /* Storyboarded.swift */ = {isa = PBXFileReference; lastKnownFileType = sourcecode.swift; path = Storyboarded.swift; sourceTree = "<group>"; };
		F36435452A5C00C200A91CE5 /* HomeViewController.storyboard */ = {isa = PBXFileReference; lastKnownFileType = file.storyboard; path = HomeViewController.storyboard; sourceTree = "<group>"; };
		F36435472A5C044000A91CE5 /* AppCoordinator.swift */ = {isa = PBXFileReference; lastKnownFileType = sourcecode.swift; path = AppCoordinator.swift; sourceTree = "<group>"; };
		F3697E6C2A1CBA2000398ABB /* MovieTableViewCell.swift */ = {isa = PBXFileReference; lastKnownFileType = sourcecode.swift; path = MovieTableViewCell.swift; sourceTree = "<group>"; };
		F3697E6E2A1CCA4F00398ABB /* WatchListItemViewModel.swift */ = {isa = PBXFileReference; lastKnownFileType = sourcecode.swift; path = WatchListItemViewModel.swift; sourceTree = "<group>"; };
		F36EBA432A6FF13800E4B8AA /* MovieTableViewCell.xib */ = {isa = PBXFileReference; lastKnownFileType = file.xib; path = MovieTableViewCell.xib; sourceTree = "<group>"; };
		F3C7937A29C6E6C3006EA8EE /* Top5MoviesViewModelType.swift */ = {isa = PBXFileReference; lastKnownFileType = sourcecode.swift; path = Top5MoviesViewModelType.swift; sourceTree = "<group>"; };
		F3C7937C29C6E7B8006EA8EE /* Top5MoviesViewModel.swift */ = {isa = PBXFileReference; lastKnownFileType = sourcecode.swift; path = Top5MoviesViewModel.swift; sourceTree = "<group>"; };
		F3CE6BD72A595A0B00FA34F7 /* Movies.json */ = {isa = PBXFileReference; lastKnownFileType = text.json; path = Movies.json; sourceTree = "<group>"; };
		F3D0A97429CD5AA4000C6F7F /* MoviesViewModelType.swift */ = {isa = PBXFileReference; lastKnownFileType = sourcecode.swift; path = MoviesViewModelType.swift; sourceTree = "<group>"; };
		F3D0A97629CD5B1A000C6F7F /* MoviesViewModel.swift */ = {isa = PBXFileReference; lastKnownFileType = sourcecode.swift; path = MoviesViewModel.swift; sourceTree = "<group>"; };
		F3D0A97E29CDA181000C6F7F /* SearchViewController.swift */ = {isa = PBXFileReference; lastKnownFileType = sourcecode.swift; path = SearchViewController.swift; sourceTree = "<group>"; };
		F3D43BE12A5D8D14007817B3 /* SceneDelegate.swift */ = {isa = PBXFileReference; lastKnownFileType = sourcecode.swift; path = SceneDelegate.swift; sourceTree = "<group>"; };
		F3D43BE52A5D926D007817B3 /* SearchCoordinator.swift */ = {isa = PBXFileReference; lastKnownFileType = sourcecode.swift; path = SearchCoordinator.swift; sourceTree = "<group>"; };
		F3D43BE72A5D9361007817B3 /* SearchContainer.swift */ = {isa = PBXFileReference; lastKnownFileType = sourcecode.swift; path = SearchContainer.swift; sourceTree = "<group>"; };
		F3D43BEA2A5D9482007817B3 /* SearchViewController.storyboard */ = {isa = PBXFileReference; lastKnownFileType = file.storyboard; path = SearchViewController.storyboard; sourceTree = "<group>"; };
		F3D43BEC2A5D9D2A007817B3 /* WatchListViewController.storyboard */ = {isa = PBXFileReference; lastKnownFileType = file.storyboard; path = WatchListViewController.storyboard; sourceTree = "<group>"; };
		F3D43BEE2A5D9D77007817B3 /* WatchListCoordinator.swift */ = {isa = PBXFileReference; lastKnownFileType = sourcecode.swift; path = WatchListCoordinator.swift; sourceTree = "<group>"; };
		F3D43BF02A5D9E0E007817B3 /* WatchListContainer.swift */ = {isa = PBXFileReference; lastKnownFileType = sourcecode.swift; path = WatchListContainer.swift; sourceTree = "<group>"; };
		F3D9FA5529A0986600E904A2 /* UIColor+Extension.swift */ = {isa = PBXFileReference; fileEncoding = 4; lastKnownFileType = sourcecode.swift; path = "UIColor+Extension.swift"; sourceTree = "<group>"; };
		F3D9FA5729A0987100E904A2 /* DefaultButton.swift */ = {isa = PBXFileReference; fileEncoding = 4; lastKnownFileType = sourcecode.swift; path = DefaultButton.swift; sourceTree = "<group>"; };
		F3D9FA5929A0AC6400E904A2 /* CheckBox.swift */ = {isa = PBXFileReference; lastKnownFileType = sourcecode.swift; path = CheckBox.swift; sourceTree = "<group>"; };
		F3E8D23429E144840012BEC4 /* SearchHistoryViewModelType.swift */ = {isa = PBXFileReference; lastKnownFileType = sourcecode.swift; path = SearchHistoryViewModelType.swift; sourceTree = "<group>"; };
		F3E8D23629E149DA0012BEC4 /* SearchHistoryItemViewModelType.swift */ = {isa = PBXFileReference; lastKnownFileType = sourcecode.swift; path = SearchHistoryItemViewModelType.swift; sourceTree = "<group>"; };
		F3E8D23829E14BA00012BEC4 /* SearchHistoryViewModel.swift */ = {isa = PBXFileReference; lastKnownFileType = sourcecode.swift; path = SearchHistoryViewModel.swift; sourceTree = "<group>"; };
		F3E8D23A29E14E250012BEC4 /* SearchHistoryItemViewModel.swift */ = {isa = PBXFileReference; lastKnownFileType = sourcecode.swift; path = SearchHistoryItemViewModel.swift; sourceTree = "<group>"; };
		F3E8D23D29E158910012BEC4 /* SearchHistoryViewCell.swift */ = {isa = PBXFileReference; lastKnownFileType = sourcecode.swift; path = SearchHistoryViewCell.swift; sourceTree = "<group>"; };
		F3E8D23F29E162B80012BEC4 /* WatchListViewController.swift */ = {isa = PBXFileReference; lastKnownFileType = sourcecode.swift; path = WatchListViewController.swift; sourceTree = "<group>"; };
		F3E9E2EB2A5978D100E23450 /* Top5Movies.json */ = {isa = PBXFileReference; fileEncoding = 4; lastKnownFileType = text.json; path = Top5Movies.json; sourceTree = "<group>"; };
		F3FC16592A6911EA0074B57F /* Montserrat-Regular.ttf */ = {isa = PBXFileReference; lastKnownFileType = file; path = "Montserrat-Regular.ttf"; sourceTree = "<group>"; };
		F3FC165A2A6911EA0074B57F /* Montserrat-SemiBold.ttf */ = {isa = PBXFileReference; lastKnownFileType = file; path = "Montserrat-SemiBold.ttf"; sourceTree = "<group>"; };
		F3FC165B2A6911EA0074B57F /* Montserrat-Medium.ttf */ = {isa = PBXFileReference; lastKnownFileType = file; path = "Montserrat-Medium.ttf"; sourceTree = "<group>"; };
		F3FC165C2A6912800074B57F /* Montserrat.swift */ = {isa = PBXFileReference; lastKnownFileType = sourcecode.swift; path = Montserrat.swift; sourceTree = "<group>"; };
		F3FC165E2A6914190074B57F /* UILabel+Extension.swift */ = {isa = PBXFileReference; lastKnownFileType = sourcecode.swift; path = "UILabel+Extension.swift"; sourceTree = "<group>"; };
/* End PBXFileReference section */

/* Begin PBXFrameworksBuildPhase section */
		F319B3E7299A399200D5C7EB /* Frameworks */ = {
			isa = PBXFrameworksBuildPhase;
			buildActionMask = 2147483647;
			files = (
				F364352D2A5B2FC500A91CE5 /* RxRelay in Frameworks */,
				F3CE6BD62A5954B300FA34F7 /* RealmSwift in Frameworks */,
				F36435392A5B388500A91CE5 /* Swinject in Frameworks */,
				F3CE6BD42A5954B300FA34F7 /* Realm in Frameworks */,
				F364352B2A5B2FC500A91CE5 /* RxCocoa in Frameworks */,
				F3CE6BD12A59548100FA34F7 /* Alamofire in Frameworks */,
				F364352F2A5B2FC500A91CE5 /* RxSwift in Frameworks */,
			);
			runOnlyForDeploymentPostprocessing = 0;
		};
/* End PBXFrameworksBuildPhase section */

/* Begin PBXGroup section */
		F30110AC29A76CE8004B22F1 /* NetworkModels */ = {
			isa = PBXGroup;
			children = (
				F30110AA29A76C71004B22F1 /* TMDBGenresModel.swift */,
				F30110A829A75CA2004B22F1 /* TMDBMoviesModel.swift */,
			);
			path = NetworkModels;
			sourceTree = "<group>";
		};
		F30110B929A77404004B22F1 /* RealmModels */ = {
			isa = PBXGroup;
			children = (
				F30110BB29A77456004B22F1 /* GenreRealmModel.swift */,
				F30110BA29A77456004B22F1 /* MovieRealmModel.swift */,
			);
			path = RealmModels;
			sourceTree = "<group>";
		};
		F30110C329A8BC4E004B22F1 /* Search */ = {
			isa = PBXGroup;
			children = (
				F3D43BE52A5D926D007817B3 /* SearchCoordinator.swift */,
				F3D43BE92A5D936E007817B3 /* DI */,
				F3D0A97D29CDA13B000C6F7F /* ViewModel */,
				F3D0A97C29CDA12E000C6F7F /* View */,
			);
			path = Search;
			sourceTree = "<group>";
		};
		F30110C429A8BC84004B22F1 /* WatchList */ = {
			isa = PBXGroup;
			children = (
				F3D43BEE2A5D9D77007817B3 /* WatchListCoordinator.swift */,
				F3D43BF22A5D9E70007817B3 /* DI */,
				F357660C29F69A3B00492119 /* ViewModel */,
				F357660A29F69A1300492119 /* View */,
			);
			path = WatchList;
			sourceTree = "<group>";
		};
		F30110C529A8BC97004B22F1 /* HomeScene */ = {
			isa = PBXGroup;
			children = (
				F36435352A5B382000A91CE5 /* HomeCoordinator.swift */,
				F364353A2A5BFAF300A91CE5 /* DI */,
				F30110CA29A8BDAC004B22F1 /* ViewModel */,
				F30110C929A8BD97004B22F1 /* View */,
			);
			path = HomeScene;
			sourceTree = "<group>";
		};
		F30110C829A8BD39004B22F1 /* MovieDetails */ = {
			isa = PBXGroup;
			children = (
				F30110D529A8C0EC004B22F1 /* ViewModel */,
				F30110C629A8BCF0004B22F1 /* MovieDetailsViewController.swift */,
			);
			path = MovieDetails;
			sourceTree = "<group>";
		};
		F30110C929A8BD97004B22F1 /* View */ = {
			isa = PBXGroup;
			children = (
				F30110CB29A8BDD5004B22F1 /* Cells */,
				F30110A329A75970004B22F1 /* HomeViewController.swift */,
				F36435452A5C00C200A91CE5 /* HomeViewController.storyboard */,
			);
			path = View;
			sourceTree = "<group>";
		};
		F30110CA29A8BDAC004B22F1 /* ViewModel */ = {
			isa = PBXGroup;
			children = (
				F3D43BE32A5D919D007817B3 /* Protocols */,
				F3D43BE42A5D91BA007817B3 /* TestData */,
				F3C7937C29C6E7B8006EA8EE /* Top5MoviesViewModel.swift */,
				F3D0A97629CD5B1A000C6F7F /* MoviesViewModel.swift */,
				F30110CD29A8BE9E004B22F1 /* GenresViewModel.swift */,
				F30110D329A8C09C004B22F1 /* GenresItemViewModel.swift */,
				F30110DC29A9CA50004B22F1 /* MovieItemViewModel.swift */,
			);
			path = ViewModel;
			sourceTree = "<group>";
		};
		F30110CB29A8BDD5004B22F1 /* Cells */ = {
			isa = PBXGroup;
			children = (
				F30762B829AA4D6500C10D2F /* Top5MovieCollectionViewCell.swift */,
				F30AF06929CD541D000F65EE /* MovieCollectionViewCell.swift */,
			);
			path = Cells;
			sourceTree = "<group>";
		};
		F30110CC29A8BE2E004B22F1 /* LoginScene */ = {
			isa = PBXGroup;
			children = (
				F319B3F1299A399200D5C7EB /* LoginViewController.swift */,
				F319B3F3299A399200D5C7EB /* LoginViewController.storyboard */,
			);
			path = LoginScene;
			sourceTree = "<group>";
		};
		F30110D529A8C0EC004B22F1 /* ViewModel */ = {
			isa = PBXGroup;
			children = (
				F30110D829A8C15A004B22F1 /* MovieDetailsViewModel.swift */,
				F30110D629A8C150004B22F1 /* MovieDetailsViewModelType.swift */,
			);
			path = ViewModel;
			sourceTree = "<group>";
		};
		F30762BE29B242CD00C10D2F /* DomainModel */ = {
			isa = PBXGroup;
			children = (
				F30762BA29B2426100C10D2F /* DomainGenre.swift */,
				F30762BC29B242C300C10D2F /* DomainMovie.swift */,
			);
			path = DomainModel;
			sourceTree = "<group>";
		};
		F30762C329B3176D00C10D2F /* Networking */ = {
			isa = PBXGroup;
			children = (
				F30762C129B3122B00C10D2F /* Endpoint.swift */,
				F30762C429B3179C00C10D2F /* NetworkManager.swift */,
				F30110AD29A76DFE004B22F1 /* NetworkService.swift */,
			);
			path = Networking;
			sourceTree = "<group>";
		};
		F319B3E1299A399200D5C7EB = {
			isa = PBXGroup;
			children = (
				F319B3EC299A399200D5C7EB /* skylab-kino */,
				F319B3EB299A399200D5C7EB /* Products */,
			);
			sourceTree = "<group>";
		};
		F319B3EB299A399200D5C7EB /* Products */ = {
			isa = PBXGroup;
			children = (
				F319B3EA299A399200D5C7EB /* skylab-kino.app */,
			);
			name = Products;
			sourceTree = "<group>";
		};
		F319B3EC299A399200D5C7EB /* skylab-kino */ = {
			isa = PBXGroup;
			children = (
				F36435422A5BFFCD00A91CE5 /* Common */,
				F364353D2A5BFDA900A91CE5 /* Base */,
				F3D9FA5129A0968C00E904A2 /* Application */,
				F3D9FA5229A096CB00E904A2 /* Scenes */,
				F3D9FA5429A0975C00E904A2 /* Componets */,
				F30762C329B3176D00C10D2F /* Networking */,
				F3D9FA4E29A0963A00E904A2 /* Extensions */,
				F3D9FA5329A096D700E904A2 /* Models */,
				F3D9FA5029A0966600E904A2 /* Services */,
				F3FC16542A6910650074B57F /* Fonts */,
				F319B3F6299A399300D5C7EB /* Assets.xcassets */,
				F319B3F8299A399300D5C7EB /* LaunchScreen.storyboard */,
				F319B3FB299A399300D5C7EB /* Info.plist */,
			);
			path = "skylab-kino";
			sourceTree = "<group>";
		};
		F357660A29F69A1300492119 /* View */ = {
			isa = PBXGroup;
			children = (
				F3E8D23F29E162B80012BEC4 /* WatchListViewController.swift */,
				F3D43BEC2A5D9D2A007817B3 /* WatchListViewController.storyboard */,
			);
			path = View;
			sourceTree = "<group>";
		};
		F357660C29F69A3B00492119 /* ViewModel */ = {
			isa = PBXGroup;
			children = (
				F357660D29F69D1E00492119 /* WatchListViewModelType.swift */,
				F357661129F69F9300492119 /* WatchListViewModel.swift */,
				F3697E6E2A1CCA4F00398ABB /* WatchListItemViewModel.swift */,
			);
			path = ViewModel;
			sourceTree = "<group>";
		};
		F36435302A5B361100A91CE5 /* MainTabBar */ = {
			isa = PBXGroup;
			children = (
				F36435312A5B363200A91CE5 /* MainTabBarCoordinator.swift */,
				F36435332A5B36F600A91CE5 /* MainTabBarViewController.swift */,
			);
			path = MainTabBar;
			sourceTree = "<group>";
		};
		F364353A2A5BFAF300A91CE5 /* DI */ = {
			isa = PBXGroup;
			children = (
				F364353B2A5BFB0E00A91CE5 /* HomeContainer.swift */,
			);
			path = DI;
			sourceTree = "<group>";
		};
		F364353D2A5BFDA900A91CE5 /* Base */ = {
			isa = PBXGroup;
			children = (
				F364353E2A5BFDCA00A91CE5 /* BaseViewController.swift */,
				F36435402A5BFF0700A91CE5 /* BaseUIViewComponent.swift */,
			);
			path = Base;
			sourceTree = "<group>";
		};
		F36435422A5BFFCD00A91CE5 /* Common */ = {
			isa = PBXGroup;
			children = (
				F36435432A5BFFDE00A91CE5 /* Storyboarded.swift */,
			);
			path = Common;
			sourceTree = "<group>";
		};
		F3D0A97C29CDA12E000C6F7F /* View */ = {
			isa = PBXGroup;
			children = (
				F3E8D23C29E1585E0012BEC4 /* Cells */,
				F3D0A97E29CDA181000C6F7F /* SearchViewController.swift */,
				F3D43BEA2A5D9482007817B3 /* SearchViewController.storyboard */,
			);
			path = View;
			sourceTree = "<group>";
		};
		F3D0A97D29CDA13B000C6F7F /* ViewModel */ = {
			isa = PBXGroup;
			children = (
				F3E8D23429E144840012BEC4 /* SearchHistoryViewModelType.swift */,
				F3E8D23829E14BA00012BEC4 /* SearchHistoryViewModel.swift */,
				F3E8D23629E149DA0012BEC4 /* SearchHistoryItemViewModelType.swift */,
				F3E8D23A29E14E250012BEC4 /* SearchHistoryItemViewModel.swift */,
			);
			path = ViewModel;
			sourceTree = "<group>";
		};
		F3D43BE32A5D919D007817B3 /* Protocols */ = {
			isa = PBXGroup;
			children = (
				F30110CF29A8BEC9004B22F1 /* GenresViewModelType.swift */,
				F3C7937A29C6E6C3006EA8EE /* Top5MoviesViewModelType.swift */,
				F3D0A97429CD5AA4000C6F7F /* MoviesViewModelType.swift */,
				F30110D129A8C089004B22F1 /* GenresItemViewModelType.swift */,
				F30110DA29A9C9F8004B22F1 /* MovieItemViewModelType.swift */,
			);
			path = Protocols;
			sourceTree = "<group>";
		};
		F3D43BE42A5D91BA007817B3 /* TestData */ = {
			isa = PBXGroup;
			children = (
				F3CE6BD72A595A0B00FA34F7 /* Movies.json */,
				F3E9E2EB2A5978D100E23450 /* Top5Movies.json */,
			);
			path = TestData;
			sourceTree = "<group>";
		};
		F3D43BE92A5D936E007817B3 /* DI */ = {
			isa = PBXGroup;
			children = (
				F3D43BE72A5D9361007817B3 /* SearchContainer.swift */,
			);
			path = DI;
			sourceTree = "<group>";
		};
		F3D43BF22A5D9E70007817B3 /* DI */ = {
			isa = PBXGroup;
			children = (
				F3D43BF02A5D9E0E007817B3 /* WatchListContainer.swift */,
			);
			path = DI;
			sourceTree = "<group>";
		};
		F3D43BF32A5DA416007817B3 /* MovieCell */ = {
			isa = PBXGroup;
			children = (
				F3697E6C2A1CBA2000398ABB /* MovieTableViewCell.swift */,
				F36EBA432A6FF13800E4B8AA /* MovieTableViewCell.xib */,
			);
			path = MovieCell;
			sourceTree = "<group>";
		};
		F3D9FA4E29A0963A00E904A2 /* Extensions */ = {
			isa = PBXGroup;
			children = (
				F3D9FA4F29A0964B00E904A2 /* UIKit */,
			);
			path = Extensions;
			sourceTree = "<group>";
		};
		F3D9FA4F29A0964B00E904A2 /* UIKit */ = {
			isa = PBXGroup;
			children = (
				F3D9FA5529A0986600E904A2 /* UIColor+Extension.swift */,
				F3FC165E2A6914190074B57F /* UILabel+Extension.swift */,
			);
			path = UIKit;
			sourceTree = "<group>";
		};
		F3D9FA5029A0966600E904A2 /* Services */ = {
			isa = PBXGroup;
			children = (
				F30110B229A77365004B22F1 /* RealmManager.swift */,
			);
			path = Services;
			sourceTree = "<group>";
		};
		F3D9FA5129A0968C00E904A2 /* Application */ = {
			isa = PBXGroup;
			children = (
				F319B3ED299A399200D5C7EB /* AppDelegate.swift */,
				F3D43BE12A5D8D14007817B3 /* SceneDelegate.swift */,
			);
			path = Application;
			sourceTree = "<group>";
		};
		F3D9FA5229A096CB00E904A2 /* Scenes */ = {
			isa = PBXGroup;
			children = (
				F36435252A5B275200A91CE5 /* Coordinator.swift */,
				F36435472A5C044000A91CE5 /* AppCoordinator.swift */,
				F36435302A5B361100A91CE5 /* MainTabBar */,
				F30110CC29A8BE2E004B22F1 /* LoginScene */,
				F30110C529A8BC97004B22F1 /* HomeScene */,
				F30110C329A8BC4E004B22F1 /* Search */,
				F30110C429A8BC84004B22F1 /* WatchList */,
				F30110C829A8BD39004B22F1 /* MovieDetails */,
			);
			path = Scenes;
			sourceTree = "<group>";
		};
		F3D9FA5329A096D700E904A2 /* Models */ = {
			isa = PBXGroup;
			children = (
				F30110AC29A76CE8004B22F1 /* NetworkModels */,
				F30110B929A77404004B22F1 /* RealmModels */,
				F30762BE29B242CD00C10D2F /* DomainModel */,
				F30762BF29B2441C00C10D2F /* RepositoryType.swift */,
			);
			path = Models;
			sourceTree = "<group>";
		};
		F3D9FA5429A0975C00E904A2 /* Componets */ = {
			isa = PBXGroup;
			children = (
				F3D9FA5729A0987100E904A2 /* DefaultButton.swift */,
				F3D9FA5929A0AC6400E904A2 /* CheckBox.swift */,
				F30AF06729CABFA7000F65EE /* CustomSegmentedControl.swift */,
				F3D43BF32A5DA416007817B3 /* MovieCell */,
			);
			path = Componets;
			sourceTree = "<group>";
		};
		F3E8D23C29E1585E0012BEC4 /* Cells */ = {
			isa = PBXGroup;
			children = (
				F3E8D23D29E158910012BEC4 /* SearchHistoryViewCell.swift */,
			);
			path = Cells;
			sourceTree = "<group>";
		};
		F3FC16542A6910650074B57F /* Fonts */ = {
			isa = PBXGroup;
			children = (
				F3FC165C2A6912800074B57F /* Montserrat.swift */,
				F3FC165B2A6911EA0074B57F /* Montserrat-Medium.ttf */,
				F3FC16592A6911EA0074B57F /* Montserrat-Regular.ttf */,
				F3FC165A2A6911EA0074B57F /* Montserrat-SemiBold.ttf */,
			);
			path = Fonts;
			sourceTree = "<group>";
		};
/* End PBXGroup section */

/* Begin PBXNativeTarget section */
		F319B3E9299A399200D5C7EB /* skylab-kino */ = {
			isa = PBXNativeTarget;
			buildConfigurationList = F319B3FE299A399300D5C7EB /* Build configuration list for PBXNativeTarget "skylab-kino" */;
			buildPhases = (
				F319B3E6299A399200D5C7EB /* Sources */,
				F319B3E7299A399200D5C7EB /* Frameworks */,
				F319B3E8299A399200D5C7EB /* Resources */,
			);
			buildRules = (
			);
			dependencies = (
			);
			name = "skylab-kino";
			packageProductDependencies = (
				F3CE6BD02A59548100FA34F7 /* Alamofire */,
				F3CE6BD32A5954B300FA34F7 /* Realm */,
				F3CE6BD52A5954B300FA34F7 /* RealmSwift */,
				F364352A2A5B2FC500A91CE5 /* RxCocoa */,
				F364352C2A5B2FC500A91CE5 /* RxRelay */,
				F364352E2A5B2FC500A91CE5 /* RxSwift */,
				F36435382A5B388500A91CE5 /* Swinject */,
			);
			productName = "skylab-kino";
			productReference = F319B3EA299A399200D5C7EB /* skylab-kino.app */;
			productType = "com.apple.product-type.application";
		};
/* End PBXNativeTarget section */

/* Begin PBXProject section */
		F319B3E2299A399200D5C7EB /* Project object */ = {
			isa = PBXProject;
			attributes = {
				BuildIndependentTargetsInParallel = 1;
				LastSwiftUpdateCheck = 1420;
				LastUpgradeCheck = 1420;
				TargetAttributes = {
					F319B3E9299A399200D5C7EB = {
						CreatedOnToolsVersion = 14.2;
					};
				};
			};
			buildConfigurationList = F319B3E5299A399200D5C7EB /* Build configuration list for PBXProject "skylab-kino" */;
			compatibilityVersion = "Xcode 14.0";
			developmentRegion = en;
			hasScannedForEncodings = 0;
			knownRegions = (
				en,
				Base,
			);
			mainGroup = F319B3E1299A399200D5C7EB;
			packageReferences = (
				F3CE6BCF2A59548100FA34F7 /* XCRemoteSwiftPackageReference "Alamofire" */,
				F3CE6BD22A5954B300FA34F7 /* XCRemoteSwiftPackageReference "realm-cocoa" */,
				F36435292A5B2FC500A91CE5 /* XCRemoteSwiftPackageReference "RxSwift" */,
				F36435372A5B388500A91CE5 /* XCRemoteSwiftPackageReference "Swinject" */,
			);
			productRefGroup = F319B3EB299A399200D5C7EB /* Products */;
			projectDirPath = "";
			projectRoot = "";
			targets = (
				F319B3E9299A399200D5C7EB /* skylab-kino */,
			);
		};
/* End PBXProject section */

/* Begin PBXResourcesBuildPhase section */
		F319B3E8299A399200D5C7EB /* Resources */ = {
			isa = PBXResourcesBuildPhase;
			buildActionMask = 2147483647;
			files = (
				F319B3FA299A399300D5C7EB /* LaunchScreen.storyboard in Resources */,
				F319B3F7299A399300D5C7EB /* Assets.xcassets in Resources */,
				F3D43BED2A5D9D2A007817B3 /* WatchListViewController.storyboard in Resources */,
				F36435462A5C00C200A91CE5 /* HomeViewController.storyboard in Resources */,
				F3D43BEB2A5D9482007817B3 /* SearchViewController.storyboard in Resources */,
				F3E9E2EC2A5978D100E23450 /* Top5Movies.json in Resources */,
				F3E9E2EA2A59784D00E23450 /* Movies.json in Resources */,
				F319B3F5299A399200D5C7EB /* LoginViewController.storyboard in Resources */,
				F36EBA442A6FF13800E4B8AA /* MovieTableViewCell.xib in Resources */,
			);
			runOnlyForDeploymentPostprocessing = 0;
		};
/* End PBXResourcesBuildPhase section */

/* Begin PBXSourcesBuildPhase section */
		F319B3E6299A399200D5C7EB /* Sources */ = {
			isa = PBXSourcesBuildPhase;
			buildActionMask = 2147483647;
			files = (
				F3C7937B29C6E6C3006EA8EE /* Top5MoviesViewModelType.swift in Sources */,
				F30110CE29A8BE9E004B22F1 /* GenresViewModel.swift in Sources */,
				F36435262A5B275200A91CE5 /* Coordinator.swift in Sources */,
				F30110AE29A76DFE004B22F1 /* NetworkService.swift in Sources */,
				F3E8D23B29E14E250012BEC4 /* SearchHistoryItemViewModel.swift in Sources */,
				F30110BC29A77456004B22F1 /* MovieRealmModel.swift in Sources */,
				F3D0A97729CD5B1A000C6F7F /* MoviesViewModel.swift in Sources */,
				F3D43BE82A5D9361007817B3 /* SearchContainer.swift in Sources */,
				F36435362A5B382000A91CE5 /* HomeCoordinator.swift in Sources */,
				F357661229F69F9300492119 /* WatchListViewModel.swift in Sources */,
				F3FC165D2A6912800074B57F /* Montserrat.swift in Sources */,
				F357660E29F69D1E00492119 /* WatchListViewModelType.swift in Sources */,
				F30110A929A75CA2004B22F1 /* TMDBMoviesModel.swift in Sources */,
				F364353F2A5BFDCA00A91CE5 /* BaseViewController.swift in Sources */,
				F3E8D23529E144840012BEC4 /* SearchHistoryViewModelType.swift in Sources */,
				F30110A429A75970004B22F1 /* HomeViewController.swift in Sources */,
				F3E8D23729E149DA0012BEC4 /* SearchHistoryItemViewModelType.swift in Sources */,
				F3D43BE22A5D8D14007817B3 /* SceneDelegate.swift in Sources */,
				F30110D229A8C089004B22F1 /* GenresItemViewModelType.swift in Sources */,
				F3D0A97529CD5AA4000C6F7F /* MoviesViewModelType.swift in Sources */,
				F30110C729A8BCF0004B22F1 /* MovieDetailsViewController.swift in Sources */,
				F30110DD29A9CA50004B22F1 /* MovieItemViewModel.swift in Sources */,
				F3E8D24029E162B80012BEC4 /* WatchListViewController.swift in Sources */,
				F364353C2A5BFB0E00A91CE5 /* HomeContainer.swift in Sources */,
				F30110D429A8C09C004B22F1 /* GenresItemViewModel.swift in Sources */,
				F36435482A5C044000A91CE5 /* AppCoordinator.swift in Sources */,
				F319B3F2299A399200D5C7EB /* LoginViewController.swift in Sources */,
				F36435442A5BFFDE00A91CE5 /* Storyboarded.swift in Sources */,
				F3FC165F2A6914190074B57F /* UILabel+Extension.swift in Sources */,
				F30110DB29A9C9F8004B22F1 /* MovieItemViewModelType.swift in Sources */,
				F30110D729A8C150004B22F1 /* MovieDetailsViewModelType.swift in Sources */,
				F3D43BF12A5D9E0E007817B3 /* WatchListContainer.swift in Sources */,
				F3697E6D2A1CBA2000398ABB /* MovieTableViewCell.swift in Sources */,
				F3D0A97F29CDA181000C6F7F /* SearchViewController.swift in Sources */,
				F30110D029A8BEC9004B22F1 /* GenresViewModelType.swift in Sources */,
				F30762C529B3179C00C10D2F /* NetworkManager.swift in Sources */,
				F30762C229B3122B00C10D2F /* Endpoint.swift in Sources */,
				F36435322A5B363200A91CE5 /* MainTabBarCoordinator.swift in Sources */,
				F30AF06A29CD541D000F65EE /* MovieCollectionViewCell.swift in Sources */,
				F3D43BEF2A5D9D77007817B3 /* WatchListCoordinator.swift in Sources */,
				F30110B329A77365004B22F1 /* RealmManager.swift in Sources */,
				F3E8D23929E14BA00012BEC4 /* SearchHistoryViewModel.swift in Sources */,
				F3E8D23E29E158910012BEC4 /* SearchHistoryViewCell.swift in Sources */,
				F30762B929AA4D6500C10D2F /* Top5MovieCollectionViewCell.swift in Sources */,
				F3D9FA5829A0987100E904A2 /* DefaultButton.swift in Sources */,
				F30110D929A8C15A004B22F1 /* MovieDetailsViewModel.swift in Sources */,
				F319B3EE299A399200D5C7EB /* AppDelegate.swift in Sources */,
				F3D9FA5A29A0AC6400E904A2 /* CheckBox.swift in Sources */,
				F36435342A5B36F600A91CE5 /* MainTabBarViewController.swift in Sources */,
				F30762C029B2441C00C10D2F /* RepositoryType.swift in Sources */,
				F3D43BE62A5D926D007817B3 /* SearchCoordinator.swift in Sources */,
				F30110BD29A77456004B22F1 /* GenreRealmModel.swift in Sources */,
				F3D9FA5629A0986600E904A2 /* UIColor+Extension.swift in Sources */,
				F36435412A5BFF0700A91CE5 /* BaseUIViewComponent.swift in Sources */,
				F30762BB29B2426100C10D2F /* DomainGenre.swift in Sources */,
				F30762BD29B242C300C10D2F /* DomainMovie.swift in Sources */,
				F30AF06829CABFA7000F65EE /* CustomSegmentedControl.swift in Sources */,
				F3C7937D29C6E7B8006EA8EE /* Top5MoviesViewModel.swift in Sources */,
				F30110AB29A76C71004B22F1 /* TMDBGenresModel.swift in Sources */,
				F3697E6F2A1CCA4F00398ABB /* WatchListItemViewModel.swift in Sources */,
			);
			runOnlyForDeploymentPostprocessing = 0;
		};
/* End PBXSourcesBuildPhase section */

/* Begin PBXVariantGroup section */
		F319B3F3299A399200D5C7EB /* LoginViewController.storyboard */ = {
			isa = PBXVariantGroup;
			children = (
				F319B3F4299A399200D5C7EB /* Base */,
			);
			name = LoginViewController.storyboard;
			sourceTree = "<group>";
		};
		F319B3F8299A399300D5C7EB /* LaunchScreen.storyboard */ = {
			isa = PBXVariantGroup;
			children = (
				F319B3F9299A399300D5C7EB /* Base */,
			);
			name = LaunchScreen.storyboard;
			sourceTree = "<group>";
		};
/* End PBXVariantGroup section */

/* Begin XCBuildConfiguration section */
		F319B3FC299A399300D5C7EB /* Debug */ = {
			isa = XCBuildConfiguration;
			buildSettings = {
				ALWAYS_SEARCH_USER_PATHS = NO;
				CLANG_ANALYZER_NONNULL = YES;
				CLANG_ANALYZER_NUMBER_OBJECT_CONVERSION = YES_AGGRESSIVE;
				CLANG_CXX_LANGUAGE_STANDARD = "gnu++20";
				CLANG_ENABLE_MODULES = YES;
				CLANG_ENABLE_OBJC_ARC = YES;
				CLANG_ENABLE_OBJC_WEAK = YES;
				CLANG_WARN_BLOCK_CAPTURE_AUTORELEASING = YES;
				CLANG_WARN_BOOL_CONVERSION = YES;
				CLANG_WARN_COMMA = YES;
				CLANG_WARN_CONSTANT_CONVERSION = YES;
				CLANG_WARN_DEPRECATED_OBJC_IMPLEMENTATIONS = YES;
				CLANG_WARN_DIRECT_OBJC_ISA_USAGE = YES_ERROR;
				CLANG_WARN_DOCUMENTATION_COMMENTS = YES;
				CLANG_WARN_EMPTY_BODY = YES;
				CLANG_WARN_ENUM_CONVERSION = YES;
				CLANG_WARN_INFINITE_RECURSION = YES;
				CLANG_WARN_INT_CONVERSION = YES;
				CLANG_WARN_NON_LITERAL_NULL_CONVERSION = YES;
				CLANG_WARN_OBJC_IMPLICIT_RETAIN_SELF = YES;
				CLANG_WARN_OBJC_LITERAL_CONVERSION = YES;
				CLANG_WARN_OBJC_ROOT_CLASS = YES_ERROR;
				CLANG_WARN_QUOTED_INCLUDE_IN_FRAMEWORK_HEADER = YES;
				CLANG_WARN_RANGE_LOOP_ANALYSIS = YES;
				CLANG_WARN_STRICT_PROTOTYPES = YES;
				CLANG_WARN_SUSPICIOUS_MOVE = YES;
				CLANG_WARN_UNGUARDED_AVAILABILITY = YES_AGGRESSIVE;
				CLANG_WARN_UNREACHABLE_CODE = YES;
				CLANG_WARN__DUPLICATE_METHOD_MATCH = YES;
				COPY_PHASE_STRIP = NO;
				DEBUG_INFORMATION_FORMAT = dwarf;
				ENABLE_STRICT_OBJC_MSGSEND = YES;
				ENABLE_TESTABILITY = YES;
				GCC_C_LANGUAGE_STANDARD = gnu11;
				GCC_DYNAMIC_NO_PIC = NO;
				GCC_NO_COMMON_BLOCKS = YES;
				GCC_OPTIMIZATION_LEVEL = 0;
				GCC_PREPROCESSOR_DEFINITIONS = (
					"DEBUG=1",
					"$(inherited)",
				);
				GCC_WARN_64_TO_32_BIT_CONVERSION = YES;
				GCC_WARN_ABOUT_RETURN_TYPE = YES_ERROR;
				GCC_WARN_UNDECLARED_SELECTOR = YES;
				GCC_WARN_UNINITIALIZED_AUTOS = YES_AGGRESSIVE;
				GCC_WARN_UNUSED_FUNCTION = YES;
				GCC_WARN_UNUSED_VARIABLE = YES;
				IPHONEOS_DEPLOYMENT_TARGET = 16.2;
				MTL_ENABLE_DEBUG_INFO = INCLUDE_SOURCE;
				MTL_FAST_MATH = YES;
				ONLY_ACTIVE_ARCH = YES;
				SDKROOT = iphoneos;
				SWIFT_ACTIVE_COMPILATION_CONDITIONS = DEBUG;
				SWIFT_OPTIMIZATION_LEVEL = "-Onone";
			};
			name = Debug;
		};
		F319B3FD299A399300D5C7EB /* Release */ = {
			isa = XCBuildConfiguration;
			buildSettings = {
				ALWAYS_SEARCH_USER_PATHS = NO;
				CLANG_ANALYZER_NONNULL = YES;
				CLANG_ANALYZER_NUMBER_OBJECT_CONVERSION = YES_AGGRESSIVE;
				CLANG_CXX_LANGUAGE_STANDARD = "gnu++20";
				CLANG_ENABLE_MODULES = YES;
				CLANG_ENABLE_OBJC_ARC = YES;
				CLANG_ENABLE_OBJC_WEAK = YES;
				CLANG_WARN_BLOCK_CAPTURE_AUTORELEASING = YES;
				CLANG_WARN_BOOL_CONVERSION = YES;
				CLANG_WARN_COMMA = YES;
				CLANG_WARN_CONSTANT_CONVERSION = YES;
				CLANG_WARN_DEPRECATED_OBJC_IMPLEMENTATIONS = YES;
				CLANG_WARN_DIRECT_OBJC_ISA_USAGE = YES_ERROR;
				CLANG_WARN_DOCUMENTATION_COMMENTS = YES;
				CLANG_WARN_EMPTY_BODY = YES;
				CLANG_WARN_ENUM_CONVERSION = YES;
				CLANG_WARN_INFINITE_RECURSION = YES;
				CLANG_WARN_INT_CONVERSION = YES;
				CLANG_WARN_NON_LITERAL_NULL_CONVERSION = YES;
				CLANG_WARN_OBJC_IMPLICIT_RETAIN_SELF = YES;
				CLANG_WARN_OBJC_LITERAL_CONVERSION = YES;
				CLANG_WARN_OBJC_ROOT_CLASS = YES_ERROR;
				CLANG_WARN_QUOTED_INCLUDE_IN_FRAMEWORK_HEADER = YES;
				CLANG_WARN_RANGE_LOOP_ANALYSIS = YES;
				CLANG_WARN_STRICT_PROTOTYPES = YES;
				CLANG_WARN_SUSPICIOUS_MOVE = YES;
				CLANG_WARN_UNGUARDED_AVAILABILITY = YES_AGGRESSIVE;
				CLANG_WARN_UNREACHABLE_CODE = YES;
				CLANG_WARN__DUPLICATE_METHOD_MATCH = YES;
				COPY_PHASE_STRIP = NO;
				DEBUG_INFORMATION_FORMAT = "dwarf-with-dsym";
				ENABLE_NS_ASSERTIONS = NO;
				ENABLE_STRICT_OBJC_MSGSEND = YES;
				GCC_C_LANGUAGE_STANDARD = gnu11;
				GCC_NO_COMMON_BLOCKS = YES;
				GCC_WARN_64_TO_32_BIT_CONVERSION = YES;
				GCC_WARN_ABOUT_RETURN_TYPE = YES_ERROR;
				GCC_WARN_UNDECLARED_SELECTOR = YES;
				GCC_WARN_UNINITIALIZED_AUTOS = YES_AGGRESSIVE;
				GCC_WARN_UNUSED_FUNCTION = YES;
				GCC_WARN_UNUSED_VARIABLE = YES;
				IPHONEOS_DEPLOYMENT_TARGET = 16.2;
				MTL_ENABLE_DEBUG_INFO = NO;
				MTL_FAST_MATH = YES;
				SDKROOT = iphoneos;
				SWIFT_COMPILATION_MODE = wholemodule;
				SWIFT_OPTIMIZATION_LEVEL = "-O";
				VALIDATE_PRODUCT = YES;
			};
			name = Release;
		};
		F319B3FF299A399300D5C7EB /* Debug */ = {
			isa = XCBuildConfiguration;
			buildSettings = {
				ASSETCATALOG_COMPILER_APPICON_NAME = AppIcon;
				ASSETCATALOG_COMPILER_GLOBAL_ACCENT_COLOR_NAME = AccentColor;
				CODE_SIGN_STYLE = Automatic;
				CURRENT_PROJECT_VERSION = 1;
				DEVELOPMENT_TEAM = Q9843C43NA;
				GENERATE_INFOPLIST_FILE = YES;
				INFOPLIST_FILE = "skylab-kino/Info.plist";
				INFOPLIST_KEY_UIApplicationSupportsIndirectInputEvents = YES;
				INFOPLIST_KEY_UILaunchStoryboardName = LaunchScreen;
				INFOPLIST_KEY_UISupportedInterfaceOrientations_iPad = "UIInterfaceOrientationPortrait UIInterfaceOrientationPortraitUpsideDown UIInterfaceOrientationLandscapeLeft UIInterfaceOrientationLandscapeRight";
				INFOPLIST_KEY_UISupportedInterfaceOrientations_iPhone = "UIInterfaceOrientationPortrait UIInterfaceOrientationLandscapeLeft UIInterfaceOrientationLandscapeRight";
				LD_RUNPATH_SEARCH_PATHS = (
					"$(inherited)",
					"@executable_path/Frameworks",
				);
				MARKETING_VERSION = 1.0;
				PRODUCT_BUNDLE_IDENTIFIER = "ICSOFT.skylab-kino";
				PRODUCT_NAME = "$(TARGET_NAME)";
				SWIFT_EMIT_LOC_STRINGS = YES;
				SWIFT_VERSION = 5.0;
				TARGETED_DEVICE_FAMILY = "1,2";
			};
			name = Debug;
		};
		F319B400299A399300D5C7EB /* Release */ = {
			isa = XCBuildConfiguration;
			buildSettings = {
				ASSETCATALOG_COMPILER_APPICON_NAME = AppIcon;
				ASSETCATALOG_COMPILER_GLOBAL_ACCENT_COLOR_NAME = AccentColor;
				CODE_SIGN_STYLE = Automatic;
				CURRENT_PROJECT_VERSION = 1;
				DEVELOPMENT_TEAM = Q9843C43NA;
				GENERATE_INFOPLIST_FILE = YES;
				INFOPLIST_FILE = "skylab-kino/Info.plist";
				INFOPLIST_KEY_UIApplicationSupportsIndirectInputEvents = YES;
				INFOPLIST_KEY_UILaunchStoryboardName = LaunchScreen;
				INFOPLIST_KEY_UISupportedInterfaceOrientations_iPad = "UIInterfaceOrientationPortrait UIInterfaceOrientationPortraitUpsideDown UIInterfaceOrientationLandscapeLeft UIInterfaceOrientationLandscapeRight";
				INFOPLIST_KEY_UISupportedInterfaceOrientations_iPhone = "UIInterfaceOrientationPortrait UIInterfaceOrientationLandscapeLeft UIInterfaceOrientationLandscapeRight";
				LD_RUNPATH_SEARCH_PATHS = (
					"$(inherited)",
					"@executable_path/Frameworks",
				);
				MARKETING_VERSION = 1.0;
				PRODUCT_BUNDLE_IDENTIFIER = "ICSOFT.skylab-kino";
				PRODUCT_NAME = "$(TARGET_NAME)";
				SWIFT_EMIT_LOC_STRINGS = YES;
				SWIFT_VERSION = 5.0;
				TARGETED_DEVICE_FAMILY = "1,2";
			};
			name = Release;
		};
/* End XCBuildConfiguration section */

/* Begin XCConfigurationList section */
		F319B3E5299A399200D5C7EB /* Build configuration list for PBXProject "skylab-kino" */ = {
			isa = XCConfigurationList;
			buildConfigurations = (
				F319B3FC299A399300D5C7EB /* Debug */,
				F319B3FD299A399300D5C7EB /* Release */,
			);
			defaultConfigurationIsVisible = 0;
			defaultConfigurationName = Release;
		};
		F319B3FE299A399300D5C7EB /* Build configuration list for PBXNativeTarget "skylab-kino" */ = {
			isa = XCConfigurationList;
			buildConfigurations = (
				F319B3FF299A399300D5C7EB /* Debug */,
				F319B400299A399300D5C7EB /* Release */,
			);
			defaultConfigurationIsVisible = 0;
			defaultConfigurationName = Release;
		};
/* End XCConfigurationList section */

/* Begin XCRemoteSwiftPackageReference section */
		F36435292A5B2FC500A91CE5 /* XCRemoteSwiftPackageReference "RxSwift" */ = {
			isa = XCRemoteSwiftPackageReference;
			repositoryURL = "https://github.com/ReactiveX/RxSwift";
			requirement = {
				kind = upToNextMajorVersion;
				minimumVersion = 6.0.0;
			};
		};
		F36435372A5B388500A91CE5 /* XCRemoteSwiftPackageReference "Swinject" */ = {
			isa = XCRemoteSwiftPackageReference;
			repositoryURL = "https://github.com/Swinject/Swinject";
			requirement = {
				kind = upToNextMajorVersion;
				minimumVersion = 2.0.0;
			};
		};
		F3CE6BCF2A59548100FA34F7 /* XCRemoteSwiftPackageReference "Alamofire" */ = {
			isa = XCRemoteSwiftPackageReference;
			repositoryURL = "https://github.com/Alamofire/Alamofire.git";
			requirement = {
				kind = upToNextMajorVersion;
				minimumVersion = 5.0.0;
			};
		};
		F3CE6BD22A5954B300FA34F7 /* XCRemoteSwiftPackageReference "realm-cocoa" */ = {
			isa = XCRemoteSwiftPackageReference;
			repositoryURL = "https://github.com/realm/realm-cocoa.git";
			requirement = {
				branch = master;
				kind = branch;
			};
		};
/* End XCRemoteSwiftPackageReference section */

/* Begin XCSwiftPackageProductDependency section */
		F364352A2A5B2FC500A91CE5 /* RxCocoa */ = {
			isa = XCSwiftPackageProductDependency;
			package = F36435292A5B2FC500A91CE5 /* XCRemoteSwiftPackageReference "RxSwift" */;
			productName = RxCocoa;
		};
		F364352C2A5B2FC500A91CE5 /* RxRelay */ = {
			isa = XCSwiftPackageProductDependency;
			package = F36435292A5B2FC500A91CE5 /* XCRemoteSwiftPackageReference "RxSwift" */;
			productName = RxRelay;
		};
		F364352E2A5B2FC500A91CE5 /* RxSwift */ = {
			isa = XCSwiftPackageProductDependency;
			package = F36435292A5B2FC500A91CE5 /* XCRemoteSwiftPackageReference "RxSwift" */;
			productName = RxSwift;
		};
		F36435382A5B388500A91CE5 /* Swinject */ = {
			isa = XCSwiftPackageProductDependency;
			package = F36435372A5B388500A91CE5 /* XCRemoteSwiftPackageReference "Swinject" */;
			productName = Swinject;
		};
		F3CE6BD02A59548100FA34F7 /* Alamofire */ = {
			isa = XCSwiftPackageProductDependency;
			package = F3CE6BCF2A59548100FA34F7 /* XCRemoteSwiftPackageReference "Alamofire" */;
			productName = Alamofire;
		};
		F3CE6BD32A5954B300FA34F7 /* Realm */ = {
			isa = XCSwiftPackageProductDependency;
			package = F3CE6BD22A5954B300FA34F7 /* XCRemoteSwiftPackageReference "realm-cocoa" */;
			productName = Realm;
		};
		F3CE6BD52A5954B300FA34F7 /* RealmSwift */ = {
			isa = XCSwiftPackageProductDependency;
			package = F3CE6BD22A5954B300FA34F7 /* XCRemoteSwiftPackageReference "realm-cocoa" */;
			productName = RealmSwift;
		};
/* End XCSwiftPackageProductDependency section */
	};
	rootObject = F319B3E2299A399200D5C7EB /* Project object */;
}
